
Microsoft Visual Studio Solution File, Format Version 12.00
# Visual Studio Version 17
VisualStudioVersion = 17.11.35208.52
MinimumVisualStudioVersion = 10.0.40219.1
Project("{FAE04EC0-301F-11D3-BF4B-00C04F79EFBC}") = "Class Person", "Class Person\Class Person.csproj", "{BE33074A-F1B2-471C-AC50-334C5D9631CA}"
EndProject
Global
	GlobalSection(SolutionConfigurationPlatforms) = preSolution
		Debug|Any CPU = Debug|Any CPU
		Release|Any CPU = Release|Any CPU
	EndGlobalSection
	GlobalSection(ProjectConfigurationPlatforms) = postSolution
		{BE33074A-F1B2-471C-AC50-334C5D9631CA}.Debug|Any CPU.ActiveCfg = Debug|Any CPU
		{BE33074A-F1B2-471C-AC50-334C5D9631CA}.Debug|Any CPU.Build.0 = Debug|Any CPU
		{BE33074A-F1B2-471C-AC50-334C5D9631CA}.Release|Any CPU.ActiveCfg = Release|Any CPU
		{BE33074A-F1B2-471C-AC50-334C5D9631CA}.Release|Any CPU.Build.0 = Release|Any CPU
	EndGlobalSection
	GlobalSection(SolutionProperties) = preSolution
		HideSolutionNode = FALSE
	EndGlobalSection
	GlobalSection(ExtensibilityGlobals) = postSolution
		SolutionGuid = {273592FF-E11B-440C-A191-B8EE8CCD8D29}
	EndGlobalSection
EndGlobal
